
Microsoft Visual Studio Solution File, Format Version 12.00
# Visual Studio Version 16
VisualStudioVersion = 16.0.29306.81
MinimumVisualStudioVersion = 10.0.40219.1
Project("{888888A0-9F3D-457C-B088-3A5042F75D52}") = "2laba", "2laba.pyproj", "{0F9F0F7F-5C0A-4DB8-9C0F-099A4F775EFC}"
EndProject
Global
	GlobalSection(SolutionConfigurationPlatforms) = preSolution
		Debug|Any CPU = Debug|Any CPU
		Release|Any CPU = Release|Any CPU
	EndGlobalSection
	GlobalSection(ProjectConfigurationPlatforms) = postSolution
		{0F9F0F7F-5C0A-4DB8-9C0F-099A4F775EFC}.Debug|Any CPU.ActiveCfg = Debug|Any CPU
		{0F9F0F7F-5C0A-4DB8-9C0F-099A4F775EFC}.Release|Any CPU.ActiveCfg = Release|Any CPU
	EndGlobalSection
	GlobalSection(SolutionProperties) = preSolution
		HideSolutionNode = FALSE
	EndGlobalSection
	GlobalSection(ExtensibilityGlobals) = postSolution
		SolutionGuid = {7BFBBA32-4EFF-4D21-B5F6-573607CAF66B}
	EndGlobalSection
EndGlobal
